
Microsoft Visual Studio Solution File, Format Version 12.00
# Visual Studio Express 2012 for Windows Desktop
Project("{FAE04EC0-301F-11D3-BF4B-00C04F79EFBC}") = "funcion parametro con retorno", "funcion parametro con retorno\funcion parametro con retorno.csproj", "{B2381CA9-687E-4E24-8899-C53CDD59E3E3}"
EndProject
Global
	GlobalSection(SolutionConfigurationPlatforms) = preSolution
		Debug|Any CPU = Debug|Any CPU
		Release|Any CPU = Release|Any CPU
	EndGlobalSection
	GlobalSection(ProjectConfigurationPlatforms) = postSolution
		{B2381CA9-687E-4E24-8899-C53CDD59E3E3}.Debug|Any CPU.ActiveCfg = Debug|Any CPU
		{B2381CA9-687E-4E24-8899-C53CDD59E3E3}.Debug|Any CPU.Build.0 = Debug|Any CPU
		{B2381CA9-687E-4E24-8899-C53CDD59E3E3}.Release|Any CPU.ActiveCfg = Release|Any CPU
		{B2381CA9-687E-4E24-8899-C53CDD59E3E3}.Release|Any CPU.Build.0 = Release|Any CPU
	EndGlobalSection
	GlobalSection(SolutionProperties) = preSolution
		HideSolutionNode = FALSE
	EndGlobalSection
EndGlobal
